
Microsoft Visual Studio Solution File, Format Version 12.00
# Visual Studio Version 16
VisualStudioVersion = 16.0.29728.190
MinimumVisualStudioVersion = 10.0.40219.1
Project("{FAE04EC0-301F-11D3-BF4B-00C04F79EFBC}") = "Nullable", "Nullable\Nullable.csproj", "{81104A41-9FA0-4557-B18A-682591C890C4}"
EndProject
Global
	GlobalSection(SolutionConfigurationPlatforms) = preSolution
		Debug|Any CPU = Debug|Any CPU
		Release|Any CPU = Release|Any CPU
	EndGlobalSection
	GlobalSection(ProjectConfigurationPlatforms) = postSolution
		{81104A41-9FA0-4557-B18A-682591C890C4}.Debug|Any CPU.ActiveCfg = Debug|Any CPU
		{81104A41-9FA0-4557-B18A-682591C890C4}.Debug|Any CPU.Build.0 = Debug|Any CPU
		{81104A41-9FA0-4557-B18A-682591C890C4}.Release|Any CPU.ActiveCfg = Release|Any CPU
		{81104A41-9FA0-4557-B18A-682591C890C4}.Release|Any CPU.Build.0 = Release|Any CPU
	EndGlobalSection
	GlobalSection(SolutionProperties) = preSolution
		HideSolutionNode = FALSE
	EndGlobalSection
	GlobalSection(ExtensibilityGlobals) = postSolution
		SolutionGuid = {F6A847DC-678A-4229-AEF3-B03E236A7E70}
	EndGlobalSection
EndGlobal
